
Microsoft Visual Studio Solution File, Format Version 12.00
# Visual Studio Version 17
VisualStudioVersion = 17.5.002.0
MinimumVisualStudioVersion = 10.0.40219.1
Project("{2150E333-8FDC-42A3-9474-1A3956D46DE8}") = "vedrid_api", "vedrid_api", "{FA600DDD-7BD5-4278-8D70-4FE7E07B075A}"
EndProject
Project("{9A19103F-16F7-4668-BE54-9A1E7A4F7556}") = "Vedrid", "Vedrid\Vedrid.csproj", "{24D7CF8F-9F04-4BBE-BD53-3C92A40FAD9E}"
EndProject
Project("{9A19103F-16F7-4668-BE54-9A1E7A4F7556}") = "Vedrid.Business", "Vedrid.Business\Vedrid.Business.csproj", "{CC4135EA-B1EE-48CA-88A7-1EBBF4C417A7}"
EndProject
Project("{9A19103F-16F7-4668-BE54-9A1E7A4F7556}") = "Vedrid.Resource", "Vedrid.Resource\Vedrid.Resource.csproj", "{EA8F85CF-990E-4DA8-99D4-2340DB41DD24}"
EndProject
Project("{2150E333-8FDC-42A3-9474-1A3956D46DE8}") = "Tests", "Tests", "{EB670F35-EFCB-4A4B-A373-2402E3E69F8B}"
EndProject
Project("{9A19103F-16F7-4668-BE54-9A1E7A4F7556}") = "Vedrid.ResourceTests", "Tests\Vedrid.ResourceTests\Vedrid.ResourceTests.csproj", "{A76F1EC6-8C93-4618-AE41-3B8DA6697891}"
EndProject
Project("{FAE04EC0-301F-11D3-BF4B-00C04F79EFBC}") = "Vedrid.IntegrationTests", "Tests\Vedrid.IntegrationTests\Vedrid.IntegrationTests.csproj", "{38CA0C19-204A-4DF5-A12D-DB4FB758BE24}"
EndProject
Global
	GlobalSection(SolutionConfigurationPlatforms) = preSolution
		Debug|Any CPU = Debug|Any CPU
		Release|Any CPU = Release|Any CPU
	EndGlobalSection
	GlobalSection(ProjectConfigurationPlatforms) = postSolution
		{24D7CF8F-9F04-4BBE-BD53-3C92A40FAD9E}.Debug|Any CPU.ActiveCfg = Debug|Any CPU
		{24D7CF8F-9F04-4BBE-BD53-3C92A40FAD9E}.Debug|Any CPU.Build.0 = Debug|Any CPU
		{24D7CF8F-9F04-4BBE-BD53-3C92A40FAD9E}.Release|Any CPU.ActiveCfg = Release|Any CPU
		{24D7CF8F-9F04-4BBE-BD53-3C92A40FAD9E}.Release|Any CPU.Build.0 = Release|Any CPU
		{CC4135EA-B1EE-48CA-88A7-1EBBF4C417A7}.Debug|Any CPU.ActiveCfg = Debug|Any CPU
		{CC4135EA-B1EE-48CA-88A7-1EBBF4C417A7}.Debug|Any CPU.Build.0 = Debug|Any CPU
		{CC4135EA-B1EE-48CA-88A7-1EBBF4C417A7}.Release|Any CPU.ActiveCfg = Release|Any CPU
		{CC4135EA-B1EE-48CA-88A7-1EBBF4C417A7}.Release|Any CPU.Build.0 = Release|Any CPU
		{EA8F85CF-990E-4DA8-99D4-2340DB41DD24}.Debug|Any CPU.ActiveCfg = Debug|Any CPU
		{EA8F85CF-990E-4DA8-99D4-2340DB41DD24}.Debug|Any CPU.Build.0 = Debug|Any CPU
		{EA8F85CF-990E-4DA8-99D4-2340DB41DD24}.Release|Any CPU.ActiveCfg = Release|Any CPU
		{EA8F85CF-990E-4DA8-99D4-2340DB41DD24}.Release|Any CPU.Build.0 = Release|Any CPU
		{A76F1EC6-8C93-4618-AE41-3B8DA6697891}.Debug|Any CPU.ActiveCfg = Debug|Any CPU
		{A76F1EC6-8C93-4618-AE41-3B8DA6697891}.Debug|Any CPU.Build.0 = Debug|Any CPU
		{A76F1EC6-8C93-4618-AE41-3B8DA6697891}.Release|Any CPU.ActiveCfg = Release|Any CPU
		{A76F1EC6-8C93-4618-AE41-3B8DA6697891}.Release|Any CPU.Build.0 = Release|Any CPU
		{38CA0C19-204A-4DF5-A12D-DB4FB758BE24}.Debug|Any CPU.ActiveCfg = Debug|Any CPU
		{38CA0C19-204A-4DF5-A12D-DB4FB758BE24}.Debug|Any CPU.Build.0 = Debug|Any CPU
		{38CA0C19-204A-4DF5-A12D-DB4FB758BE24}.Release|Any CPU.ActiveCfg = Release|Any CPU
		{38CA0C19-204A-4DF5-A12D-DB4FB758BE24}.Release|Any CPU.Build.0 = Release|Any CPU
	EndGlobalSection
	GlobalSection(SolutionProperties) = preSolution
		HideSolutionNode = FALSE
	EndGlobalSection
	GlobalSection(NestedProjects) = preSolution
		{24D7CF8F-9F04-4BBE-BD53-3C92A40FAD9E} = {FA600DDD-7BD5-4278-8D70-4FE7E07B075A}
		{CC4135EA-B1EE-48CA-88A7-1EBBF4C417A7} = {FA600DDD-7BD5-4278-8D70-4FE7E07B075A}
		{EA8F85CF-990E-4DA8-99D4-2340DB41DD24} = {FA600DDD-7BD5-4278-8D70-4FE7E07B075A}
		{EB670F35-EFCB-4A4B-A373-2402E3E69F8B} = {FA600DDD-7BD5-4278-8D70-4FE7E07B075A}
		{A76F1EC6-8C93-4618-AE41-3B8DA6697891} = {EB670F35-EFCB-4A4B-A373-2402E3E69F8B}
		{38CA0C19-204A-4DF5-A12D-DB4FB758BE24} = {EB670F35-EFCB-4A4B-A373-2402E3E69F8B}
	EndGlobalSection
	GlobalSection(ExtensibilityGlobals) = postSolution
		SolutionGuid = {1D97273C-2CDF-4D3E-9D00-DD7BF027596A}
	EndGlobalSection
EndGlobal
